
Microsoft Visual Studio Solution File, Format Version 12.00
# Visual Studio Version 17
VisualStudioVersion = 17.6.33717.318
MinimumVisualStudioVersion = 10.0.40219.1
Project("{FAE04EC0-301F-11D3-BF4B-00C04F79EFBC}") = "StabilityMatrix", "StabilityMatrix\StabilityMatrix.csproj", "{7CA2E862-B121-495D-8CCC-2D6EF56A3312}"
EndProject
Project("{FAE04EC0-301F-11D3-BF4B-00C04F79EFBC}") = "StabilityMatrix.Tests", "StabilityMatrix.Tests\StabilityMatrix.Tests.csproj", "{63EF4330-CCFF-4677-B14C-1A700CD81FDA}"
EndProject
Project("{FAE04EC0-301F-11D3-BF4B-00C04F79EFBC}") = "StabilityMatrix.Core", "StabilityMatrix.Core\StabilityMatrix.Core.csproj", "{E2E0B158-26D2-48EB-84E3-C5559D9AE84C}"
EndProject
Project("{FAE04EC0-301F-11D3-BF4B-00C04F79EFBC}") = "StabilityMatrix.Avalonia", "StabilityMatrix.Avalonia\StabilityMatrix.Avalonia.csproj", "{3F9F96FA-12E7-4B82-BFE5-1FAD88F3ACB2}"
EndProject
Project("{FAE04EC0-301F-11D3-BF4B-00C04F79EFBC}") = "StabilityMatrix.Avalonia.Diagnostics", "StabilityMatrix.Avalonia.Diagnostics\StabilityMatrix.Avalonia.Diagnostics.csproj", "{6D088B89-12D4-4EA0-BA6B-305C7D10C084}"
EndProject
Project("{FAE04EC0-301F-11D3-BF4B-00C04F79EFBC}") = "StabilityMatrix.UITests", "StabilityMatrix.UITests\StabilityMatrix.UITests.csproj", "{8C7EDDD1-7FC1-4A15-B379-910A8DA7BCA6}"
EndProject
Project("{FAE04EC0-301F-11D3-BF4B-00C04F79EFBC}") = "Avalonia.Gif", "Avalonia.Gif\Avalonia.Gif.csproj", "{72A73F1E-024B-4A25-AD34-626198D9527F}"
EndProject
Project("{FAE04EC0-301F-11D3-BF4B-00C04F79EFBC}") = "StabilityMatrix.Native", "StabilityMatrix.Native\StabilityMatrix.Native.csproj", "{254FC709-B602-4EF8-8714-FF5E47E14E50}"
EndProject
Project("{FAE04EC0-301F-11D3-BF4B-00C04F79EFBC}") = "StabilityMatrix.Native.Windows", "StabilityMatrix.Native.Windows\StabilityMatrix.Native.Windows.csproj", "{27B4D892-B507-4A01-B25F-67C9499E61B8}"
EndProject
Project("{FAE04EC0-301F-11D3-BF4B-00C04F79EFBC}") = "StabilityMatrix.Native.Abstractions", "StabilityMatrix.Native.Abstractions\StabilityMatrix.Native.Abstractions.csproj", "{C521F1CF-7A5E-4016-AAD0-427FEDC53FB8}"
EndProject
Project("{FAE04EC0-301F-11D3-BF4B-00C04F79EFBC}") = "StabilityMatrix.Native.macOS", "StabilityMatrix.Native.macOS\StabilityMatrix.Native.macOS.csproj", "{473AE646-17E4-4247-9271-858D257DFFE1}"
EndProject
Project("{2150E333-8FDC-42A3-9474-1A3956D46DE8}") = "analyzers", "analyzers", "{87BDF27C-A933-4FE5-A734-57AB61BFF15A}"
EndProject
Project("{FAE04EC0-301F-11D3-BF4B-00C04F79EFBC}") = "StabilityMatrix.Analyzers", "analyzers\StabilityMatrix.Analyzers\StabilityMatrix.Analyzers.csproj", "{BDE3B28C-F4AD-4A00-AA91-A1DA706AE4E4}"
EndProject
Project("{FAE04EC0-301F-11D3-BF4B-00C04F79EFBC}") = "StabilityMatrix.Analyzers.CodeFixes", "analyzers\StabilityMatrix.Analyzers.CodeFixes\StabilityMatrix.Analyzers.CodeFixes.csproj", "{32B22C7D-BF47-4D77-A9D7-FFD863650FCB}"
EndProject
Global
	GlobalSection(SolutionConfigurationPlatforms) = preSolution
		Debug|Any CPU = Debug|Any CPU
		Release|Any CPU = Release|Any CPU
	EndGlobalSection
	GlobalSection(ProjectConfigurationPlatforms) = postSolution
		{7CA2E862-B121-495D-8CCC-2D6EF56A3312}.Debug|Any CPU.ActiveCfg = Debug|Any CPU
		{7CA2E862-B121-495D-8CCC-2D6EF56A3312}.Release|Any CPU.ActiveCfg = Release|Any CPU
		{63EF4330-CCFF-4677-B14C-1A700CD81FDA}.Debug|Any CPU.ActiveCfg = Debug|Any CPU
		{63EF4330-CCFF-4677-B14C-1A700CD81FDA}.Debug|Any CPU.Build.0 = Debug|Any CPU
		{63EF4330-CCFF-4677-B14C-1A700CD81FDA}.Release|Any CPU.ActiveCfg = Release|Any CPU
		{63EF4330-CCFF-4677-B14C-1A700CD81FDA}.Release|Any CPU.Build.0 = Release|Any CPU
		{E2E0B158-26D2-48EB-84E3-C5559D9AE84C}.Debug|Any CPU.ActiveCfg = Debug|Any CPU
		{E2E0B158-26D2-48EB-84E3-C5559D9AE84C}.Debug|Any CPU.Build.0 = Debug|Any CPU
		{E2E0B158-26D2-48EB-84E3-C5559D9AE84C}.Release|Any CPU.ActiveCfg = Release|Any CPU
		{E2E0B158-26D2-48EB-84E3-C5559D9AE84C}.Release|Any CPU.Build.0 = Release|Any CPU
		{3F9F96FA-12E7-4B82-BFE5-1FAD88F3ACB2}.Debug|Any CPU.ActiveCfg = Debug|Any CPU
		{3F9F96FA-12E7-4B82-BFE5-1FAD88F3ACB2}.Debug|Any CPU.Build.0 = Debug|Any CPU
		{3F9F96FA-12E7-4B82-BFE5-1FAD88F3ACB2}.Release|Any CPU.ActiveCfg = Release|Any CPU
		{3F9F96FA-12E7-4B82-BFE5-1FAD88F3ACB2}.Release|Any CPU.Build.0 = Release|Any CPU
		{6D088B89-12D4-4EA0-BA6B-305C7D10C084}.Debug|Any CPU.ActiveCfg = Debug|Any CPU
		{6D088B89-12D4-4EA0-BA6B-305C7D10C084}.Debug|Any CPU.Build.0 = Debug|Any CPU
		{6D088B89-12D4-4EA0-BA6B-305C7D10C084}.Release|Any CPU.ActiveCfg = Release|Any CPU
		{6D088B89-12D4-4EA0-BA6B-305C7D10C084}.Release|Any CPU.Build.0 = Release|Any CPU
		{8C7EDDD1-7FC1-4A15-B379-910A8DA7BCA6}.Debug|Any CPU.ActiveCfg = Debug|Any CPU
		{8C7EDDD1-7FC1-4A15-B379-910A8DA7BCA6}.Debug|Any CPU.Build.0 = Debug|Any CPU
		{8C7EDDD1-7FC1-4A15-B379-910A8DA7BCA6}.Release|Any CPU.ActiveCfg = Release|Any CPU
		{8C7EDDD1-7FC1-4A15-B379-910A8DA7BCA6}.Release|Any CPU.Build.0 = Release|Any CPU
		{72A73F1E-024B-4A25-AD34-626198D9527F}.Debug|Any CPU.ActiveCfg = Debug|Any CPU
		{72A73F1E-024B-4A25-AD34-626198D9527F}.Debug|Any CPU.Build.0 = Debug|Any CPU
		{72A73F1E-024B-4A25-AD34-626198D9527F}.Release|Any CPU.ActiveCfg = Release|Any CPU
		{72A73F1E-024B-4A25-AD34-626198D9527F}.Release|Any CPU.Build.0 = Release|Any CPU
		{254FC709-B602-4EF8-8714-FF5E47E14E50}.Debug|Any CPU.ActiveCfg = Debug|Any CPU
		{254FC709-B602-4EF8-8714-FF5E47E14E50}.Debug|Any CPU.Build.0 = Debug|Any CPU
		{254FC709-B602-4EF8-8714-FF5E47E14E50}.Release|Any CPU.ActiveCfg = Release|Any CPU
		{254FC709-B602-4EF8-8714-FF5E47E14E50}.Release|Any CPU.Build.0 = Release|Any CPU
		{27B4D892-B507-4A01-B25F-67C9499E61B8}.Debug|Any CPU.ActiveCfg = Debug|Any CPU
		{27B4D892-B507-4A01-B25F-67C9499E61B8}.Debug|Any CPU.Build.0 = Debug|Any CPU
		{27B4D892-B507-4A01-B25F-67C9499E61B8}.Release|Any CPU.ActiveCfg = Release|Any CPU
		{27B4D892-B507-4A01-B25F-67C9499E61B8}.Release|Any CPU.Build.0 = Release|Any CPU
		{C521F1CF-7A5E-4016-AAD0-427FEDC53FB8}.Debug|Any CPU.ActiveCfg = Debug|Any CPU
		{C521F1CF-7A5E-4016-AAD0-427FEDC53FB8}.Debug|Any CPU.Build.0 = Debug|Any CPU
		{C521F1CF-7A5E-4016-AAD0-427FEDC53FB8}.Release|Any CPU.ActiveCfg = Release|Any CPU
		{C521F1CF-7A5E-4016-AAD0-427FEDC53FB8}.Release|Any CPU.Build.0 = Release|Any CPU
		{473AE646-17E4-4247-9271-858D257DFFE1}.Debug|Any CPU.ActiveCfg = Debug|Any CPU
		{473AE646-17E4-4247-9271-858D257DFFE1}.Debug|Any CPU.Build.0 = Debug|Any CPU
		{473AE646-17E4-4247-9271-858D257DFFE1}.Release|Any CPU.ActiveCfg = Release|Any CPU
		{473AE646-17E4-4247-9271-858D257DFFE1}.Release|Any CPU.Build.0 = Release|Any CPU
		{BDE3B28C-F4AD-4A00-AA91-A1DA706AE4E4}.Debug|Any CPU.ActiveCfg = Debug|Any CPU
		{BDE3B28C-F4AD-4A00-AA91-A1DA706AE4E4}.Debug|Any CPU.Build.0 = Debug|Any CPU
		{BDE3B28C-F4AD-4A00-AA91-A1DA706AE4E4}.Release|Any CPU.ActiveCfg = Release|Any CPU
		{BDE3B28C-F4AD-4A00-AA91-A1DA706AE4E4}.Release|Any CPU.Build.0 = Release|Any CPU
		{32B22C7D-BF47-4D77-A9D7-FFD863650FCB}.Debug|Any CPU.ActiveCfg = Debug|Any CPU
		{32B22C7D-BF47-4D77-A9D7-FFD863650FCB}.Debug|Any CPU.Build.0 = Debug|Any CPU
		{32B22C7D-BF47-4D77-A9D7-FFD863650FCB}.Release|Any CPU.ActiveCfg = Release|Any CPU
		{32B22C7D-BF47-4D77-A9D7-FFD863650FCB}.Release|Any CPU.Build.0 = Release|Any CPU
	EndGlobalSection
	GlobalSection(SolutionProperties) = preSolution
		HideSolutionNode = FALSE
	EndGlobalSection
	GlobalSection(ExtensibilityGlobals) = postSolution
		SolutionGuid = {97DDAF21-661E-4E36-ABC3-BF2052415919}
	EndGlobalSection
	GlobalSection(NestedProjects) = preSolution
		{BDE3B28C-F4AD-4A00-AA91-A1DA706AE4E4} = {87BDF27C-A933-4FE5-A734-57AB61BFF15A}
		{32B22C7D-BF47-4D77-A9D7-FFD863650FCB} = {87BDF27C-A933-4FE5-A734-57AB61BFF15A}
	EndGlobalSection
EndGlobal
